
Microsoft Visual Studio Solution File, Format Version 12.00
# Visual Studio Version 17
VisualStudioVersion = 17.4.33122.133
MinimumVisualStudioVersion = 10.0.40219.1
Project("{9A19103F-16F7-4668-BE54-9A1E7A4F7556}") = "DynamodbCreateDemo", "DynamodbCreateDemo.csproj", "{89857C87-CF95-4058-A801-D983C29565C9}"
EndProject
Global
	GlobalSection(SolutionConfigurationPlatforms) = preSolution
		Debug|Any CPU = Debug|Any CPU
		Release|Any CPU = Release|Any CPU
	EndGlobalSection
	GlobalSection(ProjectConfigurationPlatforms) = postSolution
		{89857C87-CF95-4058-A801-D983C29565C9}.Debug|Any CPU.ActiveCfg = Debug|Any CPU
		{89857C87-CF95-4058-A801-D983C29565C9}.Debug|Any CPU.Build.0 = Debug|Any CPU
		{89857C87-CF95-4058-A801-D983C29565C9}.Release|Any CPU.ActiveCfg = Release|Any CPU
		{89857C87-CF95-4058-A801-D983C29565C9}.Release|Any CPU.Build.0 = Release|Any CPU
	EndGlobalSection
	GlobalSection(SolutionProperties) = preSolution
		HideSolutionNode = FALSE
	EndGlobalSection
	GlobalSection(ExtensibilityGlobals) = postSolution
		SolutionGuid = {CBEAD05E-F4DA-4380-B9B7-D733C9D77002}
	EndGlobalSection
EndGlobal
